
Microsoft Visual Studio Solution File, Format Version 12.00
# Visual Studio Version 17
VisualStudioVersion = 17.7.34031.279
MinimumVisualStudioVersion = 10.0.40219.1
Project("{9A19103F-16F7-4668-BE54-9A1E7A4F7556}") = "FlexobaseTest", "FlexobaseTest\FlexobaseTest.csproj", "{8E67B237-C820-43D3-9CD2-6F805C0403F4}"
EndProject
Project("{FAE04EC0-301F-11D3-BF4B-00C04F79EFBC}") = "NumberReplacerTests", "NumberReplacerTests\NumberReplacerTests.csproj", "{BFEB3699-AD3D-4555-85B1-ADED006F564F}"
EndProject
Global
	GlobalSection(SolutionConfigurationPlatforms) = preSolution
		Debug|Any CPU = Debug|Any CPU
		Release|Any CPU = Release|Any CPU
	EndGlobalSection
	GlobalSection(ProjectConfigurationPlatforms) = postSolution
		{8E67B237-C820-43D3-9CD2-6F805C0403F4}.Debug|Any CPU.ActiveCfg = Debug|Any CPU
		{8E67B237-C820-43D3-9CD2-6F805C0403F4}.Debug|Any CPU.Build.0 = Debug|Any CPU
		{8E67B237-C820-43D3-9CD2-6F805C0403F4}.Release|Any CPU.ActiveCfg = Release|Any CPU
		{8E67B237-C820-43D3-9CD2-6F805C0403F4}.Release|Any CPU.Build.0 = Release|Any CPU
		{BFEB3699-AD3D-4555-85B1-ADED006F564F}.Debug|Any CPU.ActiveCfg = Debug|Any CPU
		{BFEB3699-AD3D-4555-85B1-ADED006F564F}.Debug|Any CPU.Build.0 = Debug|Any CPU
		{BFEB3699-AD3D-4555-85B1-ADED006F564F}.Release|Any CPU.ActiveCfg = Release|Any CPU
		{BFEB3699-AD3D-4555-85B1-ADED006F564F}.Release|Any CPU.Build.0 = Release|Any CPU
	EndGlobalSection
	GlobalSection(SolutionProperties) = preSolution
		HideSolutionNode = FALSE
	EndGlobalSection
	GlobalSection(ExtensibilityGlobals) = postSolution
		SolutionGuid = {21AD53C2-C6AB-4EF4-9DB9-15BF77F0DB54}
	EndGlobalSection
EndGlobal
